
Microsoft Visual Studio Solution File, Format Version 12.00
# Visual Studio Version 16
VisualStudioVersion = 16.0.30804.86
MinimumVisualStudioVersion = 15.0.26124.0
Project("{9A19103F-16F7-4668-BE54-9A1E7A4F7556}") = "Providor", "Providor\Providor.csproj", "{BAE26F02-96CE-40DD-8312-C1F3E66CCC6C}"
EndProject
Project("{9A19103F-16F7-4668-BE54-9A1E7A4F7556}") = "Providor.Business", "Providor.Business\Providor.Business.csproj", "{EBAD7F5E-040F-4D12-8B5D-0A4FA98C8F86}"
EndProject
Project("{9A19103F-16F7-4668-BE54-9A1E7A4F7556}") = "Providor.Data", "Providor.Data\Providor.Data.csproj", "{080F57FF-8F4C-43BE-A285-8F1149D4E892}"
EndProject
Project("{FAE04EC0-301F-11D3-BF4B-00C04F79EFBC}") = "Providor.Test", "Providor.Test\Providor.Test.csproj", "{D8090FAE-7923-456D-AB60-A82DA5A9460B}"
EndProject
Global
	GlobalSection(SolutionConfigurationPlatforms) = preSolution
		Debug|Any CPU = Debug|Any CPU
		Debug|x64 = Debug|x64
		Debug|x86 = Debug|x86
		Release|Any CPU = Release|Any CPU
		Release|x64 = Release|x64
		Release|x86 = Release|x86
	EndGlobalSection
	GlobalSection(ProjectConfigurationPlatforms) = postSolution
		{BAE26F02-96CE-40DD-8312-C1F3E66CCC6C}.Debug|Any CPU.ActiveCfg = Debug|Any CPU
		{BAE26F02-96CE-40DD-8312-C1F3E66CCC6C}.Debug|Any CPU.Build.0 = Debug|Any CPU
		{BAE26F02-96CE-40DD-8312-C1F3E66CCC6C}.Debug|x64.ActiveCfg = Debug|Any CPU
		{BAE26F02-96CE-40DD-8312-C1F3E66CCC6C}.Debug|x64.Build.0 = Debug|Any CPU
		{BAE26F02-96CE-40DD-8312-C1F3E66CCC6C}.Debug|x86.ActiveCfg = Debug|Any CPU
		{BAE26F02-96CE-40DD-8312-C1F3E66CCC6C}.Debug|x86.Build.0 = Debug|Any CPU
		{BAE26F02-96CE-40DD-8312-C1F3E66CCC6C}.Release|Any CPU.ActiveCfg = Release|Any CPU
		{BAE26F02-96CE-40DD-8312-C1F3E66CCC6C}.Release|Any CPU.Build.0 = Release|Any CPU
		{BAE26F02-96CE-40DD-8312-C1F3E66CCC6C}.Release|x64.ActiveCfg = Release|Any CPU
		{BAE26F02-96CE-40DD-8312-C1F3E66CCC6C}.Release|x64.Build.0 = Release|Any CPU
		{BAE26F02-96CE-40DD-8312-C1F3E66CCC6C}.Release|x86.ActiveCfg = Release|Any CPU
		{BAE26F02-96CE-40DD-8312-C1F3E66CCC6C}.Release|x86.Build.0 = Release|Any CPU
		{EBAD7F5E-040F-4D12-8B5D-0A4FA98C8F86}.Debug|Any CPU.ActiveCfg = Debug|Any CPU
		{EBAD7F5E-040F-4D12-8B5D-0A4FA98C8F86}.Debug|Any CPU.Build.0 = Debug|Any CPU
		{EBAD7F5E-040F-4D12-8B5D-0A4FA98C8F86}.Debug|x64.ActiveCfg = Debug|Any CPU
		{EBAD7F5E-040F-4D12-8B5D-0A4FA98C8F86}.Debug|x64.Build.0 = Debug|Any CPU
		{EBAD7F5E-040F-4D12-8B5D-0A4FA98C8F86}.Debug|x86.ActiveCfg = Debug|Any CPU
		{EBAD7F5E-040F-4D12-8B5D-0A4FA98C8F86}.Debug|x86.Build.0 = Debug|Any CPU
		{EBAD7F5E-040F-4D12-8B5D-0A4FA98C8F86}.Release|Any CPU.ActiveCfg = Release|Any CPU
		{EBAD7F5E-040F-4D12-8B5D-0A4FA98C8F86}.Release|Any CPU.Build.0 = Release|Any CPU
		{EBAD7F5E-040F-4D12-8B5D-0A4FA98C8F86}.Release|x64.ActiveCfg = Release|Any CPU
		{EBAD7F5E-040F-4D12-8B5D-0A4FA98C8F86}.Release|x64.Build.0 = Release|Any CPU
		{EBAD7F5E-040F-4D12-8B5D-0A4FA98C8F86}.Release|x86.ActiveCfg = Release|Any CPU
		{EBAD7F5E-040F-4D12-8B5D-0A4FA98C8F86}.Release|x86.Build.0 = Release|Any CPU
		{080F57FF-8F4C-43BE-A285-8F1149D4E892}.Debug|Any CPU.ActiveCfg = Debug|Any CPU
		{080F57FF-8F4C-43BE-A285-8F1149D4E892}.Debug|Any CPU.Build.0 = Debug|Any CPU
		{080F57FF-8F4C-43BE-A285-8F1149D4E892}.Debug|x64.ActiveCfg = Debug|Any CPU
		{080F57FF-8F4C-43BE-A285-8F1149D4E892}.Debug|x64.Build.0 = Debug|Any CPU
		{080F57FF-8F4C-43BE-A285-8F1149D4E892}.Debug|x86.ActiveCfg = Debug|Any CPU
		{080F57FF-8F4C-43BE-A285-8F1149D4E892}.Debug|x86.Build.0 = Debug|Any CPU
		{080F57FF-8F4C-43BE-A285-8F1149D4E892}.Release|Any CPU.ActiveCfg = Release|Any CPU
		{080F57FF-8F4C-43BE-A285-8F1149D4E892}.Release|Any CPU.Build.0 = Release|Any CPU
		{080F57FF-8F4C-43BE-A285-8F1149D4E892}.Release|x64.ActiveCfg = Release|Any CPU
		{080F57FF-8F4C-43BE-A285-8F1149D4E892}.Release|x64.Build.0 = Release|Any CPU
		{080F57FF-8F4C-43BE-A285-8F1149D4E892}.Release|x86.ActiveCfg = Release|Any CPU
		{080F57FF-8F4C-43BE-A285-8F1149D4E892}.Release|x86.Build.0 = Release|Any CPU
		{D8090FAE-7923-456D-AB60-A82DA5A9460B}.Debug|Any CPU.ActiveCfg = Debug|Any CPU
		{D8090FAE-7923-456D-AB60-A82DA5A9460B}.Debug|Any CPU.Build.0 = Debug|Any CPU
		{D8090FAE-7923-456D-AB60-A82DA5A9460B}.Debug|x64.ActiveCfg = Debug|Any CPU
		{D8090FAE-7923-456D-AB60-A82DA5A9460B}.Debug|x64.Build.0 = Debug|Any CPU
		{D8090FAE-7923-456D-AB60-A82DA5A9460B}.Debug|x86.ActiveCfg = Debug|Any CPU
		{D8090FAE-7923-456D-AB60-A82DA5A9460B}.Debug|x86.Build.0 = Debug|Any CPU
		{D8090FAE-7923-456D-AB60-A82DA5A9460B}.Release|Any CPU.ActiveCfg = Release|Any CPU
		{D8090FAE-7923-456D-AB60-A82DA5A9460B}.Release|Any CPU.Build.0 = Release|Any CPU
		{D8090FAE-7923-456D-AB60-A82DA5A9460B}.Release|x64.ActiveCfg = Release|Any CPU
		{D8090FAE-7923-456D-AB60-A82DA5A9460B}.Release|x64.Build.0 = Release|Any CPU
		{D8090FAE-7923-456D-AB60-A82DA5A9460B}.Release|x86.ActiveCfg = Release|Any CPU
		{D8090FAE-7923-456D-AB60-A82DA5A9460B}.Release|x86.Build.0 = Release|Any CPU
	EndGlobalSection
	GlobalSection(SolutionProperties) = preSolution
		HideSolutionNode = FALSE
	EndGlobalSection
	GlobalSection(ExtensibilityGlobals) = postSolution
		SolutionGuid = {030826D1-C32A-42CA-9279-FE0F1C51DA73}
	EndGlobalSection
EndGlobal
